
Microsoft Visual Studio Solution File, Format Version 12.00
# Visual Studio Version 16
VisualStudioVersion = 16.0.30621.155
MinimumVisualStudioVersion = 10.0.40219.1
Project("{F2A71F9B-5D33-465A-A702-920D77279786}") = "CH02_FSharpSamples02_02", "CH02_FSharpSamples02_02\CH02_FSharpSamples02_02.fsproj", "{D5D88246-3B62-44A4-9B59-D2EC3171F8C6}"
EndProject
Project("{F2A71F9B-5D33-465A-A702-920D77279786}") = "CH02_FSharpSamples05_01", "CH02_FSharpSamples05_01\CH02_FSharpSamples05_01.fsproj", "{0A0B5965-CB5E-4202-AC36-653B87D9B99C}"
EndProject
Global
	GlobalSection(SolutionConfigurationPlatforms) = preSolution
		Debug|Any CPU = Debug|Any CPU
		Release|Any CPU = Release|Any CPU
	EndGlobalSection
	GlobalSection(ProjectConfigurationPlatforms) = postSolution
		{D5D88246-3B62-44A4-9B59-D2EC3171F8C6}.Debug|Any CPU.ActiveCfg = Debug|Any CPU
		{D5D88246-3B62-44A4-9B59-D2EC3171F8C6}.Debug|Any CPU.Build.0 = Debug|Any CPU
		{D5D88246-3B62-44A4-9B59-D2EC3171F8C6}.Release|Any CPU.ActiveCfg = Release|Any CPU
		{D5D88246-3B62-44A4-9B59-D2EC3171F8C6}.Release|Any CPU.Build.0 = Release|Any CPU
		{0A0B5965-CB5E-4202-AC36-653B87D9B99C}.Debug|Any CPU.ActiveCfg = Debug|Any CPU
		{0A0B5965-CB5E-4202-AC36-653B87D9B99C}.Debug|Any CPU.Build.0 = Debug|Any CPU
		{0A0B5965-CB5E-4202-AC36-653B87D9B99C}.Release|Any CPU.ActiveCfg = Release|Any CPU
		{0A0B5965-CB5E-4202-AC36-653B87D9B99C}.Release|Any CPU.Build.0 = Release|Any CPU
	EndGlobalSection
	GlobalSection(SolutionProperties) = preSolution
		HideSolutionNode = FALSE
	EndGlobalSection
	GlobalSection(ExtensibilityGlobals) = postSolution
		SolutionGuid = {3B0FA971-6AAD-460F-90ED-5CE6A0BA4984}
	EndGlobalSection
EndGlobal
