
Microsoft Visual Studio Solution File, Format Version 12.00
# Visual Studio Version 16
VisualStudioVersion = 16.0.30621.155
MinimumVisualStudioVersion = 10.0.40219.1
Project("{6EC3EE1D-3C4E-46DD-8F32-0CC8E7565705}") = "CH02_FSharpSamples02_02", "CH02_FSharpSamples02_02\CH02_FSharpSamples02_02.fsproj", "{D5D88246-3B62-44A4-9B59-D2EC3171F8C6}"
EndProject
Project("{6EC3EE1D-3C4E-46DD-8F32-0CC8E7565705}") = "CH02_FSharpSamples05_01", "CH02_FSharpSamples05_01\CH02_FSharpSamples05_01.fsproj", "{0A0B5965-CB5E-4202-AC36-653B87D9B99C}"
EndProject
Project("{6EC3EE1D-3C4E-46DD-8F32-0CC8E7565705}") = "CH02_FSharpSamples05_02", "CH02_FSharpSamples05_02\CH02_FSharpSamples05_02.fsproj", "{1F8E50A6-8F8F-4511-97C1-4EFF0BE17703}"
EndProject
Project("{6EC3EE1D-3C4E-46DD-8F32-0CC8E7565705}") = "CH02_FSharpSamples05_03", "CH02_FSharpSamples05_03\CH02_FSharpSamples05_03.fsproj", "{787385F6-0DEF-48F2-B1D6-64D690CC1C29}"
EndProject
Project("{F2A71F9B-5D33-465A-A702-920D77279786}") = "CH02_FSharpSamples06_01", "CH02_FSharpSamples06_01\CH02_FSharpSamples06_01.fsproj", "{D180E6F7-10A3-46FD-A85F-8A787531F34F}"
EndProject
Project("{F2A71F9B-5D33-465A-A702-920D77279786}") = "CH02_FSharpSamples06_02", "CH02_FSharpSamples06_02\CH02_FSharpSamples06_02.fsproj", "{6FE191CE-2274-492F-9B17-1630CEF68551}"
EndProject
Project("{F2A71F9B-5D33-465A-A702-920D77279786}") = "CH02_FSharpSamples07_01", "CH02_FSharpSamples07_01\CH02_FSharpSamples07_01.fsproj", "{321C2DC0-12D7-485B-9FBE-D7704B27B7C5}"
EndProject
Global
	GlobalSection(SolutionConfigurationPlatforms) = preSolution
		Debug|Any CPU = Debug|Any CPU
		Release|Any CPU = Release|Any CPU
	EndGlobalSection
	GlobalSection(ProjectConfigurationPlatforms) = postSolution
		{D5D88246-3B62-44A4-9B59-D2EC3171F8C6}.Debug|Any CPU.ActiveCfg = Debug|Any CPU
		{D5D88246-3B62-44A4-9B59-D2EC3171F8C6}.Debug|Any CPU.Build.0 = Debug|Any CPU
		{D5D88246-3B62-44A4-9B59-D2EC3171F8C6}.Release|Any CPU.ActiveCfg = Release|Any CPU
		{D5D88246-3B62-44A4-9B59-D2EC3171F8C6}.Release|Any CPU.Build.0 = Release|Any CPU
		{0A0B5965-CB5E-4202-AC36-653B87D9B99C}.Debug|Any CPU.ActiveCfg = Debug|Any CPU
		{0A0B5965-CB5E-4202-AC36-653B87D9B99C}.Debug|Any CPU.Build.0 = Debug|Any CPU
		{0A0B5965-CB5E-4202-AC36-653B87D9B99C}.Release|Any CPU.ActiveCfg = Release|Any CPU
		{0A0B5965-CB5E-4202-AC36-653B87D9B99C}.Release|Any CPU.Build.0 = Release|Any CPU
		{1F8E50A6-8F8F-4511-97C1-4EFF0BE17703}.Debug|Any CPU.ActiveCfg = Debug|Any CPU
		{1F8E50A6-8F8F-4511-97C1-4EFF0BE17703}.Debug|Any CPU.Build.0 = Debug|Any CPU
		{1F8E50A6-8F8F-4511-97C1-4EFF0BE17703}.Release|Any CPU.ActiveCfg = Release|Any CPU
		{1F8E50A6-8F8F-4511-97C1-4EFF0BE17703}.Release|Any CPU.Build.0 = Release|Any CPU
		{787385F6-0DEF-48F2-B1D6-64D690CC1C29}.Debug|Any CPU.ActiveCfg = Debug|Any CPU
		{787385F6-0DEF-48F2-B1D6-64D690CC1C29}.Debug|Any CPU.Build.0 = Debug|Any CPU
		{787385F6-0DEF-48F2-B1D6-64D690CC1C29}.Release|Any CPU.ActiveCfg = Release|Any CPU
		{787385F6-0DEF-48F2-B1D6-64D690CC1C29}.Release|Any CPU.Build.0 = Release|Any CPU
		{D180E6F7-10A3-46FD-A85F-8A787531F34F}.Debug|Any CPU.ActiveCfg = Debug|Any CPU
		{D180E6F7-10A3-46FD-A85F-8A787531F34F}.Debug|Any CPU.Build.0 = Debug|Any CPU
		{D180E6F7-10A3-46FD-A85F-8A787531F34F}.Release|Any CPU.ActiveCfg = Release|Any CPU
		{D180E6F7-10A3-46FD-A85F-8A787531F34F}.Release|Any CPU.Build.0 = Release|Any CPU
		{6FE191CE-2274-492F-9B17-1630CEF68551}.Debug|Any CPU.ActiveCfg = Debug|Any CPU
		{6FE191CE-2274-492F-9B17-1630CEF68551}.Debug|Any CPU.Build.0 = Debug|Any CPU
		{6FE191CE-2274-492F-9B17-1630CEF68551}.Release|Any CPU.ActiveCfg = Release|Any CPU
		{6FE191CE-2274-492F-9B17-1630CEF68551}.Release|Any CPU.Build.0 = Release|Any CPU
		{321C2DC0-12D7-485B-9FBE-D7704B27B7C5}.Debug|Any CPU.ActiveCfg = Debug|Any CPU
		{321C2DC0-12D7-485B-9FBE-D7704B27B7C5}.Debug|Any CPU.Build.0 = Debug|Any CPU
		{321C2DC0-12D7-485B-9FBE-D7704B27B7C5}.Release|Any CPU.ActiveCfg = Release|Any CPU
		{321C2DC0-12D7-485B-9FBE-D7704B27B7C5}.Release|Any CPU.Build.0 = Release|Any CPU
	EndGlobalSection
	GlobalSection(SolutionProperties) = preSolution
		HideSolutionNode = FALSE
	EndGlobalSection
	GlobalSection(ExtensibilityGlobals) = postSolution
		SolutionGuid = {3B0FA971-6AAD-460F-90ED-5CE6A0BA4984}
	EndGlobalSection
EndGlobal
